// !$*UTF8*$!
{
	archiveVersion = 1;
	classes = {
	};
	objectVersion = 55;
	objects = {

/* Begin PBXBuildFile section */
		0001CE62331DE33A42FBB344 /* Pods_ARMomoCoin.framework in Frameworks */ = {isa = PBXBuildFile; fileRef = D6B1BAE0FE17BA1406F5737E /* Pods_ARMomoCoin.framework */; };
		2C40D1A428F00F930073D796 /* CloudAnchorManager.swift in Sources */ = {isa = PBXBuildFile; fileRef = 2C40D1A328F00F930073D796 /* CloudAnchorManager.swift */; };
		2C40D1A728F01BFF0073D796 /* FeatureMapQualityBar.swift in Sources */ = {isa = PBXBuildFile; fileRef = 2C40D1A628F01BFF0073D796 /* FeatureMapQualityBar.swift */; };
		2C40D1A928F01C140073D796 /* FeatureMapQualityBars.swift in Sources */ = {isa = PBXBuildFile; fileRef = 2C40D1A828F01C140073D796 /* FeatureMapQualityBars.swift */; };
		2C40D1AB28F01C210073D796 /* FeatureMapQualityRing.swift in Sources */ = {isa = PBXBuildFile; fileRef = 2C40D1AA28F01C210073D796 /* FeatureMapQualityRing.swift */; };
		2C90179B28F5404D002DE8DB /* GoogleService-Info.plist in Resources */ = {isa = PBXBuildFile; fileRef = 2C90179A28F5404D002DE8DB /* GoogleService-Info.plist */; };
		2C95992928EFFF8600D8F53D /* AppDelegate.swift in Sources */ = {isa = PBXBuildFile; fileRef = 2C95992828EFFF8600D8F53D /* AppDelegate.swift */; };
		2C95992B28EFFF8600D8F53D /* art.scnassets in Resources */ = {isa = PBXBuildFile; fileRef = 2C95992A28EFFF8600D8F53D /* art.scnassets */; };
		2C95993228EFFF8900D8F53D /* Assets.xcassets in Resources */ = {isa = PBXBuildFile; fileRef = 2C95993128EFFF8900D8F53D /* Assets.xcassets */; };
		2C95993528EFFF8900D8F53D /* LaunchScreen.storyboard in Resources */ = {isa = PBXBuildFile; fileRef = 2C95993328EFFF8900D8F53D /* LaunchScreen.storyboard */; };
		2C95993F28EFFF8900D8F53D /* ARMomoCoinTests.swift in Sources */ = {isa = PBXBuildFile; fileRef = 2C95993E28EFFF8900D8F53D /* ARMomoCoinTests.swift */; };
		2C95994928EFFF8900D8F53D /* ARMomoCoinUITests.swift in Sources */ = {isa = PBXBuildFile; fileRef = 2C95994828EFFF8900D8F53D /* ARMomoCoinUITests.swift */; };
		2C95994B28EFFF8900D8F53D /* ARMomoCoinUITestsLaunchTests.swift in Sources */ = {isa = PBXBuildFile; fileRef = 2C95994A28EFFF8900D8F53D /* ARMomoCoinUITestsLaunchTests.swift */; };
		2C95995A28F0003900D8F53D /* LobbyViewController.swift in Sources */ = {isa = PBXBuildFile; fileRef = 2C95995928F0003900D8F53D /* LobbyViewController.swift */; };
		2C95995E28F0091600D8F53D /* HostViewController.swift in Sources */ = {isa = PBXBuildFile; fileRef = 2C95995D28F0091600D8F53D /* HostViewController.swift */; };
		2C985A0428F263BD0074CF64 /* ResolveLobbyViewController.swift in Sources */ = {isa = PBXBuildFile; fileRef = 2C985A0328F263BD0074CF64 /* ResolveLobbyViewController.swift */; };
		2C985A0628F2710A0074CF64 /* ResolveViewController.swift in Sources */ = {isa = PBXBuildFile; fileRef = 2C985A0528F2710A0074CF64 /* ResolveViewController.swift */; };
		2CBA54E228F12D6E00A086BA /* Main.storyboard in Resources */ = {isa = PBXBuildFile; fileRef = 2C95995828EFFFF800D8F53D /* Main.storyboard */; };
		56623C4F6301F7E991CF69E4 /* Pods_ARMomoCoin_ARMomoCoinUITests.framework in Frameworks */ = {isa = PBXBuildFile; fileRef = E74B3D54F008851FAF3B247B /* Pods_ARMomoCoin_ARMomoCoinUITests.framework */; };
		C1AFA3573BFABDF3799B26AB /* Pods_ARMomoCoinTests.framework in Frameworks */ = {isa = PBXBuildFile; fileRef = 48E621267780B334CE5234F8 /* Pods_ARMomoCoinTests.framework */; };
/* End PBXBuildFile section */

/* Begin PBXContainerItemProxy section */
		2C95993B28EFFF8900D8F53D /* PBXContainerItemProxy */ = {
			isa = PBXContainerItemProxy;
			containerPortal = 2C95991D28EFFF8600D8F53D /* Project object */;
			proxyType = 1;
			remoteGlobalIDString = 2C95992428EFFF8600D8F53D;
			remoteInfo = ARMomoCoin;
		};
		2C95994528EFFF8900D8F53D /* PBXContainerItemProxy */ = {
			isa = PBXContainerItemProxy;
			containerPortal = 2C95991D28EFFF8600D8F53D /* Project object */;
			proxyType = 1;
			remoteGlobalIDString = 2C95992428EFFF8600D8F53D;
			remoteInfo = ARMomoCoin;
		};
/* End PBXContainerItemProxy section */

/* Begin PBXFileReference section */
		2C40D1A328F00F930073D796 /* CloudAnchorManager.swift */ = {isa = PBXFileReference; lastKnownFileType = sourcecode.swift; path = CloudAnchorManager.swift; sourceTree = "<group>"; };
		2C40D1A628F01BFF0073D796 /* FeatureMapQualityBar.swift */ = {isa = PBXFileReference; lastKnownFileType = sourcecode.swift; path = FeatureMapQualityBar.swift; sourceTree = "<group>"; };
		2C40D1A828F01C140073D796 /* FeatureMapQualityBars.swift */ = {isa = PBXFileReference; lastKnownFileType = sourcecode.swift; path = FeatureMapQualityBars.swift; sourceTree = "<group>"; };
		2C40D1AA28F01C210073D796 /* FeatureMapQualityRing.swift */ = {isa = PBXFileReference; lastKnownFileType = sourcecode.swift; path = FeatureMapQualityRing.swift; sourceTree = "<group>"; };
		2C90179A28F5404D002DE8DB /* GoogleService-Info.plist */ = {isa = PBXFileReference; fileEncoding = 4; lastKnownFileType = text.plist.xml; path = "GoogleService-Info.plist"; sourceTree = "<group>"; };
		2C95992528EFFF8600D8F53D /* ARMomoCoin.app */ = {isa = PBXFileReference; explicitFileType = wrapper.application; includeInIndex = 0; path = ARMomoCoin.app; sourceTree = BUILT_PRODUCTS_DIR; };
		2C95992828EFFF8600D8F53D /* AppDelegate.swift */ = {isa = PBXFileReference; lastKnownFileType = sourcecode.swift; path = AppDelegate.swift; sourceTree = "<group>"; };
		2C95992A28EFFF8600D8F53D /* art.scnassets */ = {isa = PBXFileReference; lastKnownFileType = wrapper.scnassets; path = art.scnassets; sourceTree = "<group>"; };
		2C95993128EFFF8900D8F53D /* Assets.xcassets */ = {isa = PBXFileReference; lastKnownFileType = folder.assetcatalog; path = Assets.xcassets; sourceTree = "<group>"; };
		2C95993428EFFF8900D8F53D /* Base */ = {isa = PBXFileReference; lastKnownFileType = file.storyboard; name = Base; path = Base.lproj/LaunchScreen.storyboard; sourceTree = "<group>"; };
		2C95993A28EFFF8900D8F53D /* ARMomoCoinTests.xctest */ = {isa = PBXFileReference; explicitFileType = wrapper.cfbundle; includeInIndex = 0; path = ARMomoCoinTests.xctest; sourceTree = BUILT_PRODUCTS_DIR; };
		2C95993E28EFFF8900D8F53D /* ARMomoCoinTests.swift */ = {isa = PBXFileReference; lastKnownFileType = sourcecode.swift; path = ARMomoCoinTests.swift; sourceTree = "<group>"; };
		2C95994428EFFF8900D8F53D /* ARMomoCoinUITests.xctest */ = {isa = PBXFileReference; explicitFileType = wrapper.cfbundle; includeInIndex = 0; path = ARMomoCoinUITests.xctest; sourceTree = BUILT_PRODUCTS_DIR; };
		2C95994828EFFF8900D8F53D /* ARMomoCoinUITests.swift */ = {isa = PBXFileReference; lastKnownFileType = sourcecode.swift; path = ARMomoCoinUITests.swift; sourceTree = "<group>"; };
		2C95994A28EFFF8900D8F53D /* ARMomoCoinUITestsLaunchTests.swift */ = {isa = PBXFileReference; lastKnownFileType = sourcecode.swift; path = ARMomoCoinUITestsLaunchTests.swift; sourceTree = "<group>"; };
		2C95995828EFFFF800D8F53D /* Main.storyboard */ = {isa = PBXFileReference; lastKnownFileType = file.storyboard; path = Main.storyboard; sourceTree = "<group>"; };
		2C95995928F0003900D8F53D /* LobbyViewController.swift */ = {isa = PBXFileReference; lastKnownFileType = sourcecode.swift; path = LobbyViewController.swift; sourceTree = "<group>"; };
		2C95995D28F0091600D8F53D /* HostViewController.swift */ = {isa = PBXFileReference; lastKnownFileType = sourcecode.swift; path = HostViewController.swift; sourceTree = "<group>"; };
		2C985A0328F263BD0074CF64 /* ResolveLobbyViewController.swift */ = {isa = PBXFileReference; lastKnownFileType = sourcecode.swift; path = ResolveLobbyViewController.swift; sourceTree = "<group>"; };
		2C985A0528F2710A0074CF64 /* ResolveViewController.swift */ = {isa = PBXFileReference; lastKnownFileType = sourcecode.swift; path = ResolveViewController.swift; sourceTree = "<group>"; };
		2CBA54E128F12CAD00A086BA /* Info.plist */ = {isa = PBXFileReference; lastKnownFileType = text.plist; path = Info.plist; sourceTree = "<group>"; };
		48E621267780B334CE5234F8 /* Pods_ARMomoCoinTests.framework */ = {isa = PBXFileReference; explicitFileType = wrapper.framework; includeInIndex = 0; path = Pods_ARMomoCoinTests.framework; sourceTree = BUILT_PRODUCTS_DIR; };
		4B744344BFD2F5B4875A7001 /* Pods-ARMomoCoin.debug.xcconfig */ = {isa = PBXFileReference; includeInIndex = 1; lastKnownFileType = text.xcconfig; name = "Pods-ARMomoCoin.debug.xcconfig"; path = "Target Support Files/Pods-ARMomoCoin/Pods-ARMomoCoin.debug.xcconfig"; sourceTree = "<group>"; };
		61C15DA2F326F1989CDD0B1D /* Pods-ARMomoCoinTests.release.xcconfig */ = {isa = PBXFileReference; includeInIndex = 1; lastKnownFileType = text.xcconfig; name = "Pods-ARMomoCoinTests.release.xcconfig"; path = "Target Support Files/Pods-ARMomoCoinTests/Pods-ARMomoCoinTests.release.xcconfig"; sourceTree = "<group>"; };
		6470078A969719DE746D4EDC /* Pods-ARMomoCoin.release.xcconfig */ = {isa = PBXFileReference; includeInIndex = 1; lastKnownFileType = text.xcconfig; name = "Pods-ARMomoCoin.release.xcconfig"; path = "Target Support Files/Pods-ARMomoCoin/Pods-ARMomoCoin.release.xcconfig"; sourceTree = "<group>"; };
		65E0515281881F2FDDD65B08 /* Pods-ARMomoCoinTests.debug.xcconfig */ = {isa = PBXFileReference; includeInIndex = 1; lastKnownFileType = text.xcconfig; name = "Pods-ARMomoCoinTests.debug.xcconfig"; path = "Target Support Files/Pods-ARMomoCoinTests/Pods-ARMomoCoinTests.debug.xcconfig"; sourceTree = "<group>"; };
		9649A1413E6F06DD53DFF171 /* Pods-ARMomoCoin-ARMomoCoinUITests.release.xcconfig */ = {isa = PBXFileReference; includeInIndex = 1; lastKnownFileType = text.xcconfig; name = "Pods-ARMomoCoin-ARMomoCoinUITests.release.xcconfig"; path = "Target Support Files/Pods-ARMomoCoin-ARMomoCoinUITests/Pods-ARMomoCoin-ARMomoCoinUITests.release.xcconfig"; sourceTree = "<group>"; };
		C856B6F4F3771543A52C2BF8 /* Pods-ARMomoCoin-ARMomoCoinUITests.debug.xcconfig */ = {isa = PBXFileReference; includeInIndex = 1; lastKnownFileType = text.xcconfig; name = "Pods-ARMomoCoin-ARMomoCoinUITests.debug.xcconfig"; path = "Target Support Files/Pods-ARMomoCoin-ARMomoCoinUITests/Pods-ARMomoCoin-ARMomoCoinUITests.debug.xcconfig"; sourceTree = "<group>"; };
		D6B1BAE0FE17BA1406F5737E /* Pods_ARMomoCoin.framework */ = {isa = PBXFileReference; explicitFileType = wrapper.framework; includeInIndex = 0; path = Pods_ARMomoCoin.framework; sourceTree = BUILT_PRODUCTS_DIR; };
		E74B3D54F008851FAF3B247B /* Pods_ARMomoCoin_ARMomoCoinUITests.framework */ = {isa = PBXFileReference; explicitFileType = wrapper.framework; includeInIndex = 0; path = Pods_ARMomoCoin_ARMomoCoinUITests.framework; sourceTree = BUILT_PRODUCTS_DIR; };
/* End PBXFileReference section */

/* Begin PBXFrameworksBuildPhase section */
		2C95992228EFFF8600D8F53D /* Frameworks */ = {
			isa = PBXFrameworksBuildPhase;
			buildActionMask = 2147483647;
			files = (
				0001CE62331DE33A42FBB344 /* Pods_ARMomoCoin.framework in Frameworks */,
			);
			runOnlyForDeploymentPostprocessing = 0;
		};
		2C95993728EFFF8900D8F53D /* Frameworks */ = {
			isa = PBXFrameworksBuildPhase;
			buildActionMask = 2147483647;
			files = (
				C1AFA3573BFABDF3799B26AB /* Pods_ARMomoCoinTests.framework in Frameworks */,
			);
			runOnlyForDeploymentPostprocessing = 0;
		};
		2C95994128EFFF8900D8F53D /* Frameworks */ = {
			isa = PBXFrameworksBuildPhase;
			buildActionMask = 2147483647;
			files = (
				56623C4F6301F7E991CF69E4 /* Pods_ARMomoCoin_ARMomoCoinUITests.framework in Frameworks */,
			);
			runOnlyForDeploymentPostprocessing = 0;
		};
/* End PBXFrameworksBuildPhase section */

/* Begin PBXGroup section */
		2C40D1A528F01BCF0073D796 /* FeatureMap */ = {
			isa = PBXGroup;
			children = (
				2C40D1A628F01BFF0073D796 /* FeatureMapQualityBar.swift */,
				2C40D1A828F01C140073D796 /* FeatureMapQualityBars.swift */,
				2C40D1AA28F01C210073D796 /* FeatureMapQualityRing.swift */,
			);
			path = FeatureMap;
			sourceTree = "<group>";
		};
		2C95991C28EFFF8600D8F53D = {
			isa = PBXGroup;
			children = (
				2C95992728EFFF8600D8F53D /* ARMomoCoin */,
				2C95993D28EFFF8900D8F53D /* ARMomoCoinTests */,
				2C95994728EFFF8900D8F53D /* ARMomoCoinUITests */,
				2C95992628EFFF8600D8F53D /* Products */,
				EA153930C7E4173F9FA37191 /* Pods */,
				D7E86ED7EC7DA9126AC3D52E /* Frameworks */,
			);
			sourceTree = "<group>";
		};
		2C95992628EFFF8600D8F53D /* Products */ = {
			isa = PBXGroup;
			children = (
				2C95992528EFFF8600D8F53D /* ARMomoCoin.app */,
				2C95993A28EFFF8900D8F53D /* ARMomoCoinTests.xctest */,
				2C95994428EFFF8900D8F53D /* ARMomoCoinUITests.xctest */,
			);
			name = Products;
			sourceTree = "<group>";
		};
		2C95992728EFFF8600D8F53D /* ARMomoCoin */ = {
			isa = PBXGroup;
			children = (
				2C40D1A528F01BCF0073D796 /* FeatureMap */,
				2C95995728EFFF9400D8F53D /* ViewControllers */,
				2C95992828EFFF8600D8F53D /* AppDelegate.swift */,
				2C40D1A328F00F930073D796 /* CloudAnchorManager.swift */,
				2C95995828EFFFF800D8F53D /* Main.storyboard */,
				2C95993328EFFF8900D8F53D /* LaunchScreen.storyboard */,
				2C95992A28EFFF8600D8F53D /* art.scnassets */,
				2C95993128EFFF8900D8F53D /* Assets.xcassets */,
				2CBA54E128F12CAD00A086BA /* Info.plist */,
				2C90179A28F5404D002DE8DB /* GoogleService-Info.plist */,
			);
			path = ARMomoCoin;
			sourceTree = "<group>";
		};
		2C95993D28EFFF8900D8F53D /* ARMomoCoinTests */ = {
			isa = PBXGroup;
			children = (
				2C95993E28EFFF8900D8F53D /* ARMomoCoinTests.swift */,
			);
			path = ARMomoCoinTests;
			sourceTree = "<group>";
		};
		2C95994728EFFF8900D8F53D /* ARMomoCoinUITests */ = {
			isa = PBXGroup;
			children = (
				2C95994828EFFF8900D8F53D /* ARMomoCoinUITests.swift */,
				2C95994A28EFFF8900D8F53D /* ARMomoCoinUITestsLaunchTests.swift */,
			);
			path = ARMomoCoinUITests;
			sourceTree = "<group>";
		};
		2C95995728EFFF9400D8F53D /* ViewControllers */ = {
			isa = PBXGroup;
			children = (
				2C95995928F0003900D8F53D /* LobbyViewController.swift */,
				2C95995D28F0091600D8F53D /* HostViewController.swift */,
				2C985A0328F263BD0074CF64 /* ResolveLobbyViewController.swift */,
				2C985A0528F2710A0074CF64 /* ResolveViewController.swift */,
			);
			path = ViewControllers;
			sourceTree = "<group>";
		};
		D7E86ED7EC7DA9126AC3D52E /* Frameworks */ = {
			isa = PBXGroup;
			children = (
				D6B1BAE0FE17BA1406F5737E /* Pods_ARMomoCoin.framework */,
				E74B3D54F008851FAF3B247B /* Pods_ARMomoCoin_ARMomoCoinUITests.framework */,
				48E621267780B334CE5234F8 /* Pods_ARMomoCoinTests.framework */,
			);
			name = Frameworks;
			sourceTree = "<group>";
		};
		EA153930C7E4173F9FA37191 /* Pods */ = {
			isa = PBXGroup;
			children = (
				4B744344BFD2F5B4875A7001 /* Pods-ARMomoCoin.debug.xcconfig */,
				6470078A969719DE746D4EDC /* Pods-ARMomoCoin.release.xcconfig */,
				C856B6F4F3771543A52C2BF8 /* Pods-ARMomoCoin-ARMomoCoinUITests.debug.xcconfig */,
				9649A1413E6F06DD53DFF171 /* Pods-ARMomoCoin-ARMomoCoinUITests.release.xcconfig */,
				65E0515281881F2FDDD65B08 /* Pods-ARMomoCoinTests.debug.xcconfig */,
				61C15DA2F326F1989CDD0B1D /* Pods-ARMomoCoinTests.release.xcconfig */,
			);
			path = Pods;
			sourceTree = "<group>";
		};
/* End PBXGroup section */

/* Begin PBXNativeTarget section */
		2C95992428EFFF8600D8F53D /* ARMomoCoin */ = {
			isa = PBXNativeTarget;
			buildConfigurationList = 2C95994E28EFFF8900D8F53D /* Build configuration list for PBXNativeTarget "ARMomoCoin" */;
			buildPhases = (
				C03188A5D4DB358EB6C38A80 /* [CP] Check Pods Manifest.lock */,
				2C95992128EFFF8600D8F53D /* Sources */,
				2C95992228EFFF8600D8F53D /* Frameworks */,
				2C95992328EFFF8600D8F53D /* Resources */,
				53E2C772560E5659FC9F88B0 /* [CP] Embed Pods Frameworks */,
				0CABC33D666649D1AEF89142 /* [CP] Copy Pods Resources */,
			);
			buildRules = (
			);
			dependencies = (
			);
			name = ARMomoCoin;
			productName = ARMomoCoin;
			productReference = 2C95992528EFFF8600D8F53D /* ARMomoCoin.app */;
			productType = "com.apple.product-type.application";
		};
		2C95993928EFFF8900D8F53D /* ARMomoCoinTests */ = {
			isa = PBXNativeTarget;
			buildConfigurationList = 2C95995128EFFF8900D8F53D /* Build configuration list for PBXNativeTarget "ARMomoCoinTests" */;
			buildPhases = (
				8C6291B8ED7D20687CBBD823 /* [CP] Check Pods Manifest.lock */,
				2C95993628EFFF8900D8F53D /* Sources */,
				2C95993728EFFF8900D8F53D /* Frameworks */,
				2C95993828EFFF8900D8F53D /* Resources */,
			);
			buildRules = (
			);
			dependencies = (
				2C95993C28EFFF8900D8F53D /* PBXTargetDependency */,
			);
			name = ARMomoCoinTests;
			productName = ARMomoCoinTests;
			productReference = 2C95993A28EFFF8900D8F53D /* ARMomoCoinTests.xctest */;
			productType = "com.apple.product-type.bundle.unit-test";
		};
		2C95994328EFFF8900D8F53D /* ARMomoCoinUITests */ = {
			isa = PBXNativeTarget;
			buildConfigurationList = 2C95995428EFFF8900D8F53D /* Build configuration list for PBXNativeTarget "ARMomoCoinUITests" */;
			buildPhases = (
				3EC3914E8FD15CAD68A99A40 /* [CP] Check Pods Manifest.lock */,
				2C95994028EFFF8900D8F53D /* Sources */,
				2C95994128EFFF8900D8F53D /* Frameworks */,
				2C95994228EFFF8900D8F53D /* Resources */,
				B0B7D8C5D33EF19520ABC189 /* [CP] Embed Pods Frameworks */,
				FCEFE71C60E87B9783B2D519 /* [CP] Copy Pods Resources */,
			);
			buildRules = (
			);
			dependencies = (
				2C95994628EFFF8900D8F53D /* PBXTargetDependency */,
			);
			name = ARMomoCoinUITests;
			productName = ARMomoCoinUITests;
			productReference = 2C95994428EFFF8900D8F53D /* ARMomoCoinUITests.xctest */;
			productType = "com.apple.product-type.bundle.ui-testing";
		};
/* End PBXNativeTarget section */

/* Begin PBXProject section */
		2C95991D28EFFF8600D8F53D /* Project object */ = {
			isa = PBXProject;
			attributes = {
				BuildIndependentTargetsInParallel = 1;
				LastSwiftUpdateCheck = 1400;
				LastUpgradeCheck = 1400;
				TargetAttributes = {
					2C95992428EFFF8600D8F53D = {
						CreatedOnToolsVersion = 14.0;
					};
					2C95993928EFFF8900D8F53D = {
						CreatedOnToolsVersion = 14.0;
						TestTargetID = 2C95992428EFFF8600D8F53D;
					};
					2C95994328EFFF8900D8F53D = {
						CreatedOnToolsVersion = 14.0;
						TestTargetID = 2C95992428EFFF8600D8F53D;
					};
				};
			};
			buildConfigurationList = 2C95992028EFFF8600D8F53D /* Build configuration list for PBXProject "ARMomoCoin" */;
			compatibilityVersion = "Xcode 13.0";
			developmentRegion = en;
			hasScannedForEncodings = 0;
			knownRegions = (
				en,
				Base,
			);
			mainGroup = 2C95991C28EFFF8600D8F53D;
			productRefGroup = 2C95992628EFFF8600D8F53D /* Products */;
			projectDirPath = "";
			projectRoot = "";
			targets = (
				2C95992428EFFF8600D8F53D /* ARMomoCoin */,
				2C95993928EFFF8900D8F53D /* ARMomoCoinTests */,
				2C95994328EFFF8900D8F53D /* ARMomoCoinUITests */,
			);
		};
/* End PBXProject section */

/* Begin PBXResourcesBuildPhase section */
		2C95992328EFFF8600D8F53D /* Resources */ = {
			isa = PBXResourcesBuildPhase;
			buildActionMask = 2147483647;
			files = (
				2C95992B28EFFF8600D8F53D /* art.scnassets in Resources */,
				2CBA54E228F12D6E00A086BA /* Main.storyboard in Resources */,
				2C95993528EFFF8900D8F53D /* LaunchScreen.storyboard in Resources */,
				2C95993228EFFF8900D8F53D /* Assets.xcassets in Resources */,
				2C90179B28F5404D002DE8DB /* GoogleService-Info.plist in Resources */,
			);
			runOnlyForDeploymentPostprocessing = 0;
		};
		2C95993828EFFF8900D8F53D /* Resources */ = {
			isa = PBXResourcesBuildPhase;
			buildActionMask = 2147483647;
			files = (
			);
			runOnlyForDeploymentPostprocessing = 0;
		};
		2C95994228EFFF8900D8F53D /* Resources */ = {
			isa = PBXResourcesBuildPhase;
			buildActionMask = 2147483647;
			files = (
			);
			runOnlyForDeploymentPostprocessing = 0;
		};
/* End PBXResourcesBuildPhase section */

/* Begin PBXShellScriptBuildPhase section */
		0CABC33D666649D1AEF89142 /* [CP] Copy Pods Resources */ = {
			isa = PBXShellScriptBuildPhase;
			buildActionMask = 2147483647;
			files = (
			);
			inputFileListPaths = (
				"${PODS_ROOT}/Target Support Files/Pods-ARMomoCoin/Pods-ARMomoCoin-resources-${CONFIGURATION}-input-files.xcfilelist",
			);
			name = "[CP] Copy Pods Resources";
			outputFileListPaths = (
				"${PODS_ROOT}/Target Support Files/Pods-ARMomoCoin/Pods-ARMomoCoin-resources-${CONFIGURATION}-output-files.xcfilelist",
			);
			runOnlyForDeploymentPostprocessing = 0;
			shellPath = /bin/sh;
			shellScript = "\"${PODS_ROOT}/Target Support Files/Pods-ARMomoCoin/Pods-ARMomoCoin-resources.sh\"\n";
			showEnvVarsInLog = 0;
		};
		3EC3914E8FD15CAD68A99A40 /* [CP] Check Pods Manifest.lock */ = {
			isa = PBXShellScriptBuildPhase;
			buildActionMask = 2147483647;
			files = (
			);
			inputFileListPaths = (
			);
			inputPaths = (
				"${PODS_PODFILE_DIR_PATH}/Podfile.lock",
				"${PODS_ROOT}/Manifest.lock",
			);
			name = "[CP] Check Pods Manifest.lock";
			outputFileListPaths = (
			);
			outputPaths = (
				"$(DERIVED_FILE_DIR)/Pods-ARMomoCoin-ARMomoCoinUITests-checkManifestLockResult.txt",
			);
			runOnlyForDeploymentPostprocessing = 0;
			shellPath = /bin/sh;
			shellScript = "diff \"${PODS_PODFILE_DIR_PATH}/Podfile.lock\" \"${PODS_ROOT}/Manifest.lock\" > /dev/null\nif [ $? != 0 ] ; then\n    # print error to STDERR\n    echo \"error: The sandbox is not in sync with the Podfile.lock. Run 'pod install' or update your CocoaPods installation.\" >&2\n    exit 1\nfi\n# This output is used by Xcode 'outputs' to avoid re-running this script phase.\necho \"SUCCESS\" > \"${SCRIPT_OUTPUT_FILE_0}\"\n";
			showEnvVarsInLog = 0;
		};
		53E2C772560E5659FC9F88B0 /* [CP] Embed Pods Frameworks */ = {
			isa = PBXShellScriptBuildPhase;
			buildActionMask = 2147483647;
			files = (
			);
			inputFileListPaths = (
				"${PODS_ROOT}/Target Support Files/Pods-ARMomoCoin/Pods-ARMomoCoin-frameworks-${CONFIGURATION}-input-files.xcfilelist",
			);
			name = "[CP] Embed Pods Frameworks";
			outputFileListPaths = (
				"${PODS_ROOT}/Target Support Files/Pods-ARMomoCoin/Pods-ARMomoCoin-frameworks-${CONFIGURATION}-output-files.xcfilelist",
			);
			runOnlyForDeploymentPostprocessing = 0;
			shellPath = /bin/sh;
			shellScript = "\"${PODS_ROOT}/Target Support Files/Pods-ARMomoCoin/Pods-ARMomoCoin-frameworks.sh\"\n";
			showEnvVarsInLog = 0;
		};
		8C6291B8ED7D20687CBBD823 /* [CP] Check Pods Manifest.lock */ = {
			isa = PBXShellScriptBuildPhase;
			buildActionMask = 2147483647;
			files = (
			);
			inputFileListPaths = (
			);
			inputPaths = (
				"${PODS_PODFILE_DIR_PATH}/Podfile.lock",
				"${PODS_ROOT}/Manifest.lock",
			);
			name = "[CP] Check Pods Manifest.lock";
			outputFileListPaths = (
			);
			outputPaths = (
				"$(DERIVED_FILE_DIR)/Pods-ARMomoCoinTests-checkManifestLockResult.txt",
			);
			runOnlyForDeploymentPostprocessing = 0;
			shellPath = /bin/sh;
			shellScript = "diff \"${PODS_PODFILE_DIR_PATH}/Podfile.lock\" \"${PODS_ROOT}/Manifest.lock\" > /dev/null\nif [ $? != 0 ] ; then\n    # print error to STDERR\n    echo \"error: The sandbox is not in sync with the Podfile.lock. Run 'pod install' or update your CocoaPods installation.\" >&2\n    exit 1\nfi\n# This output is used by Xcode 'outputs' to avoid re-running this script phase.\necho \"SUCCESS\" > \"${SCRIPT_OUTPUT_FILE_0}\"\n";
			showEnvVarsInLog = 0;
		};
		B0B7D8C5D33EF19520ABC189 /* [CP] Embed Pods Frameworks */ = {
			isa = PBXShellScriptBuildPhase;
			buildActionMask = 2147483647;
			files = (
			);
			inputFileListPaths = (
				"${PODS_ROOT}/Target Support Files/Pods-ARMomoCoin-ARMomoCoinUITests/Pods-ARMomoCoin-ARMomoCoinUITests-frameworks-${CONFIGURATION}-input-files.xcfilelist",
			);
			name = "[CP] Embed Pods Frameworks";
			outputFileListPaths = (
				"${PODS_ROOT}/Target Support Files/Pods-ARMomoCoin-ARMomoCoinUITests/Pods-ARMomoCoin-ARMomoCoinUITests-frameworks-${CONFIGURATION}-output-files.xcfilelist",
			);
			runOnlyForDeploymentPostprocessing = 0;
			shellPath = /bin/sh;
			shellScript = "\"${PODS_ROOT}/Target Support Files/Pods-ARMomoCoin-ARMomoCoinUITests/Pods-ARMomoCoin-ARMomoCoinUITests-frameworks.sh\"\n";
			showEnvVarsInLog = 0;
		};
		C03188A5D4DB358EB6C38A80 /* [CP] Check Pods Manifest.lock */ = {
			isa = PBXShellScriptBuildPhase;
			buildActionMask = 2147483647;
			files = (
			);
			inputFileListPaths = (
			);
			inputPaths = (
				"${PODS_PODFILE_DIR_PATH}/Podfile.lock",
				"${PODS_ROOT}/Manifest.lock",
			);
			name = "[CP] Check Pods Manifest.lock";
			outputFileListPaths = (
			);
			outputPaths = (
				"$(DERIVED_FILE_DIR)/Pods-ARMomoCoin-checkManifestLockResult.txt",
			);
			runOnlyForDeploymentPostprocessing = 0;
			shellPath = /bin/sh;
			shellScript = "diff \"${PODS_PODFILE_DIR_PATH}/Podfile.lock\" \"${PODS_ROOT}/Manifest.lock\" > /dev/null\nif [ $? != 0 ] ; then\n    # print error to STDERR\n    echo \"error: The sandbox is not in sync with the Podfile.lock. Run 'pod install' or update your CocoaPods installation.\" >&2\n    exit 1\nfi\n# This output is used by Xcode 'outputs' to avoid re-running this script phase.\necho \"SUCCESS\" > \"${SCRIPT_OUTPUT_FILE_0}\"\n";
			showEnvVarsInLog = 0;
		};
		FCEFE71C60E87B9783B2D519 /* [CP] Copy Pods Resources */ = {
			isa = PBXShellScriptBuildPhase;
			buildActionMask = 2147483647;
			files = (
			);
			inputFileListPaths = (
				"${PODS_ROOT}/Target Support Files/Pods-ARMomoCoin-ARMomoCoinUITests/Pods-ARMomoCoin-ARMomoCoinUITests-resources-${CONFIGURATION}-input-files.xcfilelist",
			);
			name = "[CP] Copy Pods Resources";
			outputFileListPaths = (
				"${PODS_ROOT}/Target Support Files/Pods-ARMomoCoin-ARMomoCoinUITests/Pods-ARMomoCoin-ARMomoCoinUITests-resources-${CONFIGURATION}-output-files.xcfilelist",
			);
			runOnlyForDeploymentPostprocessing = 0;
			shellPath = /bin/sh;
			shellScript = "\"${PODS_ROOT}/Target Support Files/Pods-ARMomoCoin-ARMomoCoinUITests/Pods-ARMomoCoin-ARMomoCoinUITests-resources.sh\"\n";
			showEnvVarsInLog = 0;
		};
/* End PBXShellScriptBuildPhase section */

/* Begin PBXSourcesBuildPhase section */
		2C95992128EFFF8600D8F53D /* Sources */ = {
			isa = PBXSourcesBuildPhase;
			buildActionMask = 2147483647;
			files = (
				2C40D1A428F00F930073D796 /* CloudAnchorManager.swift in Sources */,
				2C40D1AB28F01C210073D796 /* FeatureMapQualityRing.swift in Sources */,
				2C40D1A928F01C140073D796 /* FeatureMapQualityBars.swift in Sources */,
				2C40D1A728F01BFF0073D796 /* FeatureMapQualityBar.swift in Sources */,
				2C95995E28F0091600D8F53D /* HostViewController.swift in Sources */,
				2C985A0428F263BD0074CF64 /* ResolveLobbyViewController.swift in Sources */,
				2C95995A28F0003900D8F53D /* LobbyViewController.swift in Sources */,
				2C95992928EFFF8600D8F53D /* AppDelegate.swift in Sources */,
				2C985A0628F2710A0074CF64 /* ResolveViewController.swift in Sources */,
			);
			runOnlyForDeploymentPostprocessing = 0;
		};
		2C95993628EFFF8900D8F53D /* Sources */ = {
			isa = PBXSourcesBuildPhase;
			buildActionMask = 2147483647;
			files = (
				2C95993F28EFFF8900D8F53D /* ARMomoCoinTests.swift in Sources */,
			);
			runOnlyForDeploymentPostprocessing = 0;
		};
		2C95994028EFFF8900D8F53D /* Sources */ = {
			isa = PBXSourcesBuildPhase;
			buildActionMask = 2147483647;
			files = (
				2C95994B28EFFF8900D8F53D /* ARMomoCoinUITestsLaunchTests.swift in Sources */,
				2C95994928EFFF8900D8F53D /* ARMomoCoinUITests.swift in Sources */,
			);
			runOnlyForDeploymentPostprocessing = 0;
		};
/* End PBXSourcesBuildPhase section */

/* Begin PBXTargetDependency section */
		2C95993C28EFFF8900D8F53D /* PBXTargetDependency */ = {
			isa = PBXTargetDependency;
			target = 2C95992428EFFF8600D8F53D /* ARMomoCoin */;
			targetProxy = 2C95993B28EFFF8900D8F53D /* PBXContainerItemProxy */;
		};
		2C95994628EFFF8900D8F53D /* PBXTargetDependency */ = {
			isa = PBXTargetDependency;
			target = 2C95992428EFFF8600D8F53D /* ARMomoCoin */;
			targetProxy = 2C95994528EFFF8900D8F53D /* PBXContainerItemProxy */;
		};
/* End PBXTargetDependency section */

/* Begin PBXVariantGroup section */
		2C95993328EFFF8900D8F53D /* LaunchScreen.storyboard */ = {
			isa = PBXVariantGroup;
			children = (
				2C95993428EFFF8900D8F53D /* Base */,
			);
			name = LaunchScreen.storyboard;
			sourceTree = "<group>";
		};
/* End PBXVariantGroup section */

/* Begin XCBuildConfiguration section */
		2C95994C28EFFF8900D8F53D /* Debug */ = {
			isa = XCBuildConfiguration;
			buildSettings = {
				ALWAYS_SEARCH_USER_PATHS = NO;
				CLANG_ANALYZER_NONNULL = YES;
				CLANG_ANALYZER_NUMBER_OBJECT_CONVERSION = YES_AGGRESSIVE;
				CLANG_CXX_LANGUAGE_STANDARD = "gnu++20";
				CLANG_ENABLE_MODULES = YES;
				CLANG_ENABLE_OBJC_ARC = YES;
				CLANG_ENABLE_OBJC_WEAK = YES;
				CLANG_WARN_BLOCK_CAPTURE_AUTORELEASING = YES;
				CLANG_WARN_BOOL_CONVERSION = YES;
				CLANG_WARN_COMMA = YES;
				CLANG_WARN_CONSTANT_CONVERSION = YES;
				CLANG_WARN_DEPRECATED_OBJC_IMPLEMENTATIONS = YES;
				CLANG_WARN_DIRECT_OBJC_ISA_USAGE = YES_ERROR;
				CLANG_WARN_DOCUMENTATION_COMMENTS = YES;
				CLANG_WARN_EMPTY_BODY = YES;
				CLANG_WARN_ENUM_CONVERSION = YES;
				CLANG_WARN_INFINITE_RECURSION = YES;
				CLANG_WARN_INT_CONVERSION = YES;
				CLANG_WARN_NON_LITERAL_NULL_CONVERSION = YES;
				CLANG_WARN_OBJC_IMPLICIT_RETAIN_SELF = YES;
				CLANG_WARN_OBJC_LITERAL_CONVERSION = YES;
				CLANG_WARN_OBJC_ROOT_CLASS = YES_ERROR;
				CLANG_WARN_QUOTED_INCLUDE_IN_FRAMEWORK_HEADER = YES;
				CLANG_WARN_RANGE_LOOP_ANALYSIS = YES;
				CLANG_WARN_STRICT_PROTOTYPES = YES;
				CLANG_WARN_SUSPICIOUS_MOVE = YES;
				CLANG_WARN_UNGUARDED_AVAILABILITY = YES_AGGRESSIVE;
				CLANG_WARN_UNREACHABLE_CODE = YES;
				CLANG_WARN__DUPLICATE_METHOD_MATCH = YES;
				COPY_PHASE_STRIP = NO;
				DEBUG_INFORMATION_FORMAT = dwarf;
				ENABLE_STRICT_OBJC_MSGSEND = YES;
				ENABLE_TESTABILITY = YES;
				GCC_C_LANGUAGE_STANDARD = gnu11;
				GCC_DYNAMIC_NO_PIC = NO;
				GCC_NO_COMMON_BLOCKS = YES;
				GCC_OPTIMIZATION_LEVEL = 0;
				GCC_PREPROCESSOR_DEFINITIONS = (
					"DEBUG=1",
					"$(inherited)",
				);
				GCC_WARN_64_TO_32_BIT_CONVERSION = YES;
				GCC_WARN_ABOUT_RETURN_TYPE = YES_ERROR;
				GCC_WARN_UNDECLARED_SELECTOR = YES;
				GCC_WARN_UNINITIALIZED_AUTOS = YES_AGGRESSIVE;
				GCC_WARN_UNUSED_FUNCTION = YES;
				GCC_WARN_UNUSED_VARIABLE = YES;
				IPHONEOS_DEPLOYMENT_TARGET = 11.0;
				MTL_ENABLE_DEBUG_INFO = INCLUDE_SOURCE;
				MTL_FAST_MATH = YES;
				ONLY_ACTIVE_ARCH = YES;
				SDKROOT = iphoneos;
				SWIFT_ACTIVE_COMPILATION_CONDITIONS = DEBUG;
				SWIFT_OPTIMIZATION_LEVEL = "-Onone";
			};
			name = Debug;
		};
		2C95994D28EFFF8900D8F53D /* Release */ = {
			isa = XCBuildConfiguration;
			buildSettings = {
				ALWAYS_SEARCH_USER_PATHS = NO;
				CLANG_ANALYZER_NONNULL = YES;
				CLANG_ANALYZER_NUMBER_OBJECT_CONVERSION = YES_AGGRESSIVE;
				CLANG_CXX_LANGUAGE_STANDARD = "gnu++20";
				CLANG_ENABLE_MODULES = YES;
				CLANG_ENABLE_OBJC_ARC = YES;
				CLANG_ENABLE_OBJC_WEAK = YES;
				CLANG_WARN_BLOCK_CAPTURE_AUTORELEASING = YES;
				CLANG_WARN_BOOL_CONVERSION = YES;
				CLANG_WARN_COMMA = YES;
				CLANG_WARN_CONSTANT_CONVERSION = YES;
				CLANG_WARN_DEPRECATED_OBJC_IMPLEMENTATIONS = YES;
				CLANG_WARN_DIRECT_OBJC_ISA_USAGE = YES_ERROR;
				CLANG_WARN_DOCUMENTATION_COMMENTS = YES;
				CLANG_WARN_EMPTY_BODY = YES;
				CLANG_WARN_ENUM_CONVERSION = YES;
				CLANG_WARN_INFINITE_RECURSION = YES;
				CLANG_WARN_INT_CONVERSION = YES;
				CLANG_WARN_NON_LITERAL_NULL_CONVERSION = YES;
				CLANG_WARN_OBJC_IMPLICIT_RETAIN_SELF = YES;
				CLANG_WARN_OBJC_LITERAL_CONVERSION = YES;
				CLANG_WARN_OBJC_ROOT_CLASS = YES_ERROR;
				CLANG_WARN_QUOTED_INCLUDE_IN_FRAMEWORK_HEADER = YES;
				CLANG_WARN_RANGE_LOOP_ANALYSIS = YES;
				CLANG_WARN_STRICT_PROTOTYPES = YES;
				CLANG_WARN_SUSPICIOUS_MOVE = YES;
				CLANG_WARN_UNGUARDED_AVAILABILITY = YES_AGGRESSIVE;
				CLANG_WARN_UNREACHABLE_CODE = YES;
				CLANG_WARN__DUPLICATE_METHOD_MATCH = YES;
				COPY_PHASE_STRIP = NO;
				DEBUG_INFORMATION_FORMAT = "dwarf-with-dsym";
				ENABLE_NS_ASSERTIONS = NO;
				ENABLE_STRICT_OBJC_MSGSEND = YES;
				GCC_C_LANGUAGE_STANDARD = gnu11;
				GCC_NO_COMMON_BLOCKS = YES;
				GCC_WARN_64_TO_32_BIT_CONVERSION = YES;
				GCC_WARN_ABOUT_RETURN_TYPE = YES_ERROR;
				GCC_WARN_UNDECLARED_SELECTOR = YES;
				GCC_WARN_UNINITIALIZED_AUTOS = YES_AGGRESSIVE;
				GCC_WARN_UNUSED_FUNCTION = YES;
				GCC_WARN_UNUSED_VARIABLE = YES;
				IPHONEOS_DEPLOYMENT_TARGET = 11.0;
				MTL_ENABLE_DEBUG_INFO = NO;
				MTL_FAST_MATH = YES;
				SDKROOT = iphoneos;
				SWIFT_COMPILATION_MODE = wholemodule;
				SWIFT_OPTIMIZATION_LEVEL = "-O";
				VALIDATE_PRODUCT = YES;
			};
			name = Release;
		};
		2C95994F28EFFF8900D8F53D /* Debug */ = {
			isa = XCBuildConfiguration;
			baseConfigurationReference = 4B744344BFD2F5B4875A7001 /* Pods-ARMomoCoin.debug.xcconfig */;
			buildSettings = {
				ASSETCATALOG_COMPILER_APPICON_NAME = AppIcon;
				ASSETCATALOG_COMPILER_GLOBAL_ACCENT_COLOR_NAME = AccentColor;
				CODE_SIGN_STYLE = Automatic;
				CURRENT_PROJECT_VERSION = 1;
				DEVELOPMENT_TEAM = TMPGCK6PC5;
				GENERATE_INFOPLIST_FILE = YES;
				INFOPLIST_FILE = ARMomoCoin/Info.plist;
				INFOPLIST_KEY_NSCameraUsageDescription = "";
				INFOPLIST_KEY_UIApplicationSupportsIndirectInputEvents = YES;
				INFOPLIST_KEY_UILaunchStoryboardName = LaunchScreen;
				INFOPLIST_KEY_UIMainStoryboardFile = Main;
				INFOPLIST_KEY_UIRequiredDeviceCapabilities = arkit;
				INFOPLIST_KEY_UIStatusBarHidden = YES;
				INFOPLIST_KEY_UISupportedInterfaceOrientations_iPad = "UIInterfaceOrientationPortrait UIInterfaceOrientationPortraitUpsideDown UIInterfaceOrientationLandscapeLeft UIInterfaceOrientationLandscapeRight";
				INFOPLIST_KEY_UISupportedInterfaceOrientations_iPhone = "UIInterfaceOrientationPortrait UIInterfaceOrientationLandscapeLeft UIInterfaceOrientationLandscapeRight";
				IPHONEOS_DEPLOYMENT_TARGET = 11;
				LD_RUNPATH_SEARCH_PATHS = (
					"$(inherited)",
					"@executable_path/Frameworks",
				);
				MARKETING_VERSION = 1.0;
				PRODUCT_BUNDLE_IDENTIFIER = com.taiwanmobile.ARMomoCoin;
				PRODUCT_NAME = "$(TARGET_NAME)";
				SWIFT_EMIT_LOC_STRINGS = YES;
				SWIFT_VERSION = 5.0;
				TARGETED_DEVICE_FAMILY = "1,2";
			};
			name = Debug;
		};
		2C95995028EFFF8900D8F53D /* Release */ = {
			isa = XCBuildConfiguration;
			baseConfigurationReference = 6470078A969719DE746D4EDC /* Pods-ARMomoCoin.release.xcconfig */;
			buildSettings = {
				ASSETCATALOG_COMPILER_APPICON_NAME = AppIcon;
				ASSETCATALOG_COMPILER_GLOBAL_ACCENT_COLOR_NAME = AccentColor;
				CODE_SIGN_STYLE = Automatic;
				CURRENT_PROJECT_VERSION = 1;
				DEVELOPMENT_TEAM = TMPGCK6PC5;
				GENERATE_INFOPLIST_FILE = YES;
				INFOPLIST_FILE = ARMomoCoin/Info.plist;
				INFOPLIST_KEY_NSCameraUsageDescription = "";
				INFOPLIST_KEY_UIApplicationSupportsIndirectInputEvents = YES;
				INFOPLIST_KEY_UILaunchStoryboardName = LaunchScreen;
				INFOPLIST_KEY_UIMainStoryboardFile = Main;
				INFOPLIST_KEY_UIRequiredDeviceCapabilities = arkit;
				INFOPLIST_KEY_UIStatusBarHidden = YES;
				INFOPLIST_KEY_UISupportedInterfaceOrientations_iPad = "UIInterfaceOrientationPortrait UIInterfaceOrientationPortraitUpsideDown UIInterfaceOrientationLandscapeLeft UIInterfaceOrientationLandscapeRight";
				INFOPLIST_KEY_UISupportedInterfaceOrientations_iPhone = "UIInterfaceOrientationPortrait UIInterfaceOrientationLandscapeLeft UIInterfaceOrientationLandscapeRight";
				IPHONEOS_DEPLOYMENT_TARGET = 11;
				LD_RUNPATH_SEARCH_PATHS = (
					"$(inherited)",
					"@executable_path/Frameworks",
				);
				MARKETING_VERSION = 1.0;
				PRODUCT_BUNDLE_IDENTIFIER = com.taiwanmobile.ARMomoCoin;
				PRODUCT_NAME = "$(TARGET_NAME)";
				SWIFT_EMIT_LOC_STRINGS = YES;
				SWIFT_VERSION = 5.0;
				TARGETED_DEVICE_FAMILY = "1,2";
			};
			name = Release;
		};
		2C95995228EFFF8900D8F53D /* Debug */ = {
			isa = XCBuildConfiguration;
			baseConfigurationReference = 65E0515281881F2FDDD65B08 /* Pods-ARMomoCoinTests.debug.xcconfig */;
			buildSettings = {
				ALWAYS_EMBED_SWIFT_STANDARD_LIBRARIES = YES;
				BUNDLE_LOADER = "$(TEST_HOST)";
				CODE_SIGN_STYLE = Automatic;
				CURRENT_PROJECT_VERSION = 1;
				DEVELOPMENT_TEAM = TMPGCK6PC5;
				GENERATE_INFOPLIST_FILE = YES;
				IPHONEOS_DEPLOYMENT_TARGET = 11.0;
				MARKETING_VERSION = 1.0;
				PRODUCT_BUNDLE_IDENTIFIER = com.taiwanmobile.ARMomoCoinTests;
				PRODUCT_NAME = "$(TARGET_NAME)";
				SWIFT_EMIT_LOC_STRINGS = NO;
				SWIFT_VERSION = 5.0;
				TARGETED_DEVICE_FAMILY = "1,2";
				TEST_HOST = "$(BUILT_PRODUCTS_DIR)/ARMomoCoin.app/$(BUNDLE_EXECUTABLE_FOLDER_PATH)/ARMomoCoin";
			};
			name = Debug;
		};
		2C95995328EFFF8900D8F53D /* Release */ = {
			isa = XCBuildConfiguration;
			baseConfigurationReference = 61C15DA2F326F1989CDD0B1D /* Pods-ARMomoCoinTests.release.xcconfig */;
			buildSettings = {
				ALWAYS_EMBED_SWIFT_STANDARD_LIBRARIES = YES;
				BUNDLE_LOADER = "$(TEST_HOST)";
				CODE_SIGN_STYLE = Automatic;
				CURRENT_PROJECT_VERSION = 1;
				DEVELOPMENT_TEAM = TMPGCK6PC5;
				GENERATE_INFOPLIST_FILE = YES;
				IPHONEOS_DEPLOYMENT_TARGET = 11.0;
				MARKETING_VERSION = 1.0;
				PRODUCT_BUNDLE_IDENTIFIER = com.taiwanmobile.ARMomoCoinTests;
				PRODUCT_NAME = "$(TARGET_NAME)";
				SWIFT_EMIT_LOC_STRINGS = NO;
				SWIFT_VERSION = 5.0;
				TARGETED_DEVICE_FAMILY = "1,2";
				TEST_HOST = "$(BUILT_PRODUCTS_DIR)/ARMomoCoin.app/$(BUNDLE_EXECUTABLE_FOLDER_PATH)/ARMomoCoin";
			};
			name = Release;
		};
		2C95995528EFFF8900D8F53D /* Debug */ = {
			isa = XCBuildConfiguration;
			baseConfigurationReference = C856B6F4F3771543A52C2BF8 /* Pods-ARMomoCoin-ARMomoCoinUITests.debug.xcconfig */;
			buildSettings = {
				ALWAYS_EMBED_SWIFT_STANDARD_LIBRARIES = YES;
				CODE_SIGN_STYLE = Automatic;
				CURRENT_PROJECT_VERSION = 1;
				DEVELOPMENT_TEAM = TMPGCK6PC5;
				GENERATE_INFOPLIST_FILE = YES;
				MARKETING_VERSION = 1.0;
				PRODUCT_BUNDLE_IDENTIFIER = com.taiwanmobile.ARMomoCoinUITests;
				PRODUCT_NAME = "$(TARGET_NAME)";
				SWIFT_EMIT_LOC_STRINGS = NO;
				SWIFT_VERSION = 5.0;
				TARGETED_DEVICE_FAMILY = "1,2";
				TEST_TARGET_NAME = ARMomoCoin;
			};
			name = Debug;
		};
		2C95995628EFFF8900D8F53D /* Release */ = {
			isa = XCBuildConfiguration;
			baseConfigurationReference = 9649A1413E6F06DD53DFF171 /* Pods-ARMomoCoin-ARMomoCoinUITests.release.xcconfig */;
			buildSettings = {
				ALWAYS_EMBED_SWIFT_STANDARD_LIBRARIES = YES;
				CODE_SIGN_STYLE = Automatic;
				CURRENT_PROJECT_VERSION = 1;
				DEVELOPMENT_TEAM = TMPGCK6PC5;
				GENERATE_INFOPLIST_FILE = YES;
				MARKETING_VERSION = 1.0;
				PRODUCT_BUNDLE_IDENTIFIER = com.taiwanmobile.ARMomoCoinUITests;
				PRODUCT_NAME = "$(TARGET_NAME)";
				SWIFT_EMIT_LOC_STRINGS = NO;
				SWIFT_VERSION = 5.0;
				TARGETED_DEVICE_FAMILY = "1,2";
				TEST_TARGET_NAME = ARMomoCoin;
			};
			name = Release;
		};
/* End XCBuildConfiguration section */

/* Begin XCConfigurationList section */
		2C95992028EFFF8600D8F53D /* Build configuration list for PBXProject "ARMomoCoin" */ = {
			isa = XCConfigurationList;
			buildConfigurations = (
				2C95994C28EFFF8900D8F53D /* Debug */,
				2C95994D28EFFF8900D8F53D /* Release */,
			);
			defaultConfigurationIsVisible = 0;
			defaultConfigurationName = Release;
		};
		2C95994E28EFFF8900D8F53D /* Build configuration list for PBXNativeTarget "ARMomoCoin" */ = {
			isa = XCConfigurationList;
			buildConfigurations = (
				2C95994F28EFFF8900D8F53D /* Debug */,
				2C95995028EFFF8900D8F53D /* Release */,
			);
			defaultConfigurationIsVisible = 0;
			defaultConfigurationName = Release;
		};
		2C95995128EFFF8900D8F53D /* Build configuration list for PBXNativeTarget "ARMomoCoinTests" */ = {
			isa = XCConfigurationList;
			buildConfigurations = (
				2C95995228EFFF8900D8F53D /* Debug */,
				2C95995328EFFF8900D8F53D /* Release */,
			);
			defaultConfigurationIsVisible = 0;
			defaultConfigurationName = Release;
		};
		2C95995428EFFF8900D8F53D /* Build configuration list for PBXNativeTarget "ARMomoCoinUITests" */ = {
			isa = XCConfigurationList;
			buildConfigurations = (
				2C95995528EFFF8900D8F53D /* Debug */,
				2C95995628EFFF8900D8F53D /* Release */,
			);
			defaultConfigurationIsVisible = 0;
			defaultConfigurationName = Release;
		};
/* End XCConfigurationList section */
	};
	rootObject = 2C95991D28EFFF8600D8F53D /* Project object */;
}
